// !$*UTF8*$!
{
	archiveVersion = 1;
	classes = {
	};
	objectVersion = 77;
	objects = {

/* Begin PBXContainerItemProxy section */
		FFF8F3B82D2966FF0034048F /* PBXContainerItemProxy */ = {
			isa = PBXContainerItemProxy;
			containerPortal = FFF8F39F2D2966FE0034048F /* Project object */;
			proxyType = 1;
			remoteGlobalIDString = FFF8F3A62D2966FE0034048F;
			remoteInfo = NavigationStackSwiftUI;
		};
		FFF8F3C22D2966FF0034048F /* PBXContainerItemProxy */ = {
			isa = PBXContainerItemProxy;
			containerPortal = FFF8F39F2D2966FE0034048F /* Project object */;
			proxyType = 1;
			remoteGlobalIDString = FFF8F3A62D2966FE0034048F;
			remoteInfo = NavigationStackSwiftUI;
		};
/* End PBXContainerItemProxy section */

/* Begin PBXFileReference section */
		FFF8F3A72D2966FE0034048F /* NavigationStackSwiftUI.app */ = {isa = PBXFileReference; explicitFileType = wrapper.application; includeInIndex = 0; path = NavigationStackSwiftUI.app; sourceTree = BUILT_PRODUCTS_DIR; };
		FFF8F3B72D2966FF0034048F /* NavigationStackSwiftUITests.xctest */ = {isa = PBXFileReference; explicitFileType = wrapper.cfbundle; includeInIndex = 0; path = NavigationStackSwiftUITests.xctest; sourceTree = BUILT_PRODUCTS_DIR; };
		FFF8F3C12D2966FF0034048F /* NavigationStackSwiftUIUITests.xctest */ = {isa = PBXFileReference; explicitFileType = wrapper.cfbundle; includeInIndex = 0; path = NavigationStackSwiftUIUITests.xctest; sourceTree = BUILT_PRODUCTS_DIR; };
/* End PBXFileReference section */

/* Begin PBXFileSystemSynchronizedRootGroup section */
		FFF8F3A92D2966FE0034048F /* NavigationStackSwiftUI */ = {
			isa = PBXFileSystemSynchronizedRootGroup;
			path = NavigationStackSwiftUI;
			sourceTree = "<group>";
		};
		FFF8F3BA2D2966FF0034048F /* NavigationStackSwiftUITests */ = {
			isa = PBXFileSystemSynchronizedRootGroup;
			path = NavigationStackSwiftUITests;
			sourceTree = "<group>";
		};
		FFF8F3C42D2966FF0034048F /* NavigationStackSwiftUIUITests */ = {
			isa = PBXFileSystemSynchronizedRootGroup;
			path = NavigationStackSwiftUIUITests;
			sourceTree = "<group>";
		};
/* End PBXFileSystemSynchronizedRootGroup section */

/* Begin PBXFrameworksBuildPhase section */
		FFF8F3A42D2966FE0034048F /* Frameworks */ = {
			isa = PBXFrameworksBuildPhase;
			buildActionMask = 2147483647;
			files = (
			);
			runOnlyForDeploymentPostprocessing = 0;
		};
		FFF8F3B42D2966FF0034048F /* Frameworks */ = {
			isa = PBXFrameworksBuildPhase;
			buildActionMask = 2147483647;
			files = (
			);
			runOnlyForDeploymentPostprocessing = 0;
		};
		FFF8F3BE2D2966FF0034048F /* Frameworks */ = {
			isa = PBXFrameworksBuildPhase;
			buildActionMask = 2147483647;
			files = (
			);
			runOnlyForDeploymentPostprocessing = 0;
		};
/* End PBXFrameworksBuildPhase section */

/* Begin PBXGroup section */
		FFF8F39E2D2966FE0034048F = {
			isa = PBXGroup;
			children = (
				FFF8F3A92D2966FE0034048F /* NavigationStackSwiftUI */,
				FFF8F3BA2D2966FF0034048F /* NavigationStackSwiftUITests */,
				FFF8F3C42D2966FF0034048F /* NavigationStackSwiftUIUITests */,
				FFF8F3A82D2966FE0034048F /* Products */,
			);
			sourceTree = "<group>";
		};
		FFF8F3A82D2966FE0034048F /* Products */ = {
			isa = PBXGroup;
			children = (
				FFF8F3A72D2966FE0034048F /* NavigationStackSwiftUI.app */,
				FFF8F3B72D2966FF0034048F /* NavigationStackSwiftUITests.xctest */,
				FFF8F3C12D2966FF0034048F /* NavigationStackSwiftUIUITests.xctest */,
			);
			name = Products;
			sourceTree = "<group>";
		};
/* End PBXGroup section */

/* Begin PBXNativeTarget section */
		FFF8F3A62D2966FE0034048F /* NavigationStackSwiftUI */ = {
			isa = PBXNativeTarget;
			buildConfigurationList = FFF8F3CB2D2966FF0034048F /* Build configuration list for PBXNativeTarget "NavigationStackSwiftUI" */;
			buildPhases = (
				FFF8F3A32D2966FE0034048F /* Sources */,
				FFF8F3A42D2966FE0034048F /* Frameworks */,
				FFF8F3A52D2966FE0034048F /* Resources */,
			);
			buildRules = (
			);
			dependencies = (
			);
			fileSystemSynchronizedGroups = (
				FFF8F3A92D2966FE0034048F /* NavigationStackSwiftUI */,
			);
			name = NavigationStackSwiftUI;
			packageProductDependencies = (
			);
			productName = NavigationStackSwiftUI;
			productReference = FFF8F3A72D2966FE0034048F /* NavigationStackSwiftUI.app */;
			productType = "com.apple.product-type.application";
		};
		FFF8F3B62D2966FF0034048F /* NavigationStackSwiftUITests */ = {
			isa = PBXNativeTarget;
			buildConfigurationList = FFF8F3CE2D2966FF0034048F /* Build configuration list for PBXNativeTarget "NavigationStackSwiftUITests" */;
			buildPhases = (
				FFF8F3B32D2966FF0034048F /* Sources */,
				FFF8F3B42D2966FF0034048F /* Frameworks */,
				FFF8F3B52D2966FF0034048F /* Resources */,
			);
			buildRules = (
			);
			dependencies = (
				FFF8F3B92D2966FF0034048F /* PBXTargetDependency */,
			);
			fileSystemSynchronizedGroups = (
				FFF8F3BA2D2966FF0034048F /* NavigationStackSwiftUITests */,
			);
			name = NavigationStackSwiftUITests;
			packageProductDependencies = (
			);
			productName = NavigationStackSwiftUITests;
			productReference = FFF8F3B72D2966FF0034048F /* NavigationStackSwiftUITests.xctest */;
			productType = "com.apple.product-type.bundle.unit-test";
		};
		FFF8F3C02D2966FF0034048F /* NavigationStackSwiftUIUITests */ = {
			isa = PBXNativeTarget;
			buildConfigurationList = FFF8F3D12D2966FF0034048F /* Build configuration list for PBXNativeTarget "NavigationStackSwiftUIUITests" */;
			buildPhases = (
				FFF8F3BD2D2966FF0034048F /* Sources */,
				FFF8F3BE2D2966FF0034048F /* Frameworks */,
				FFF8F3BF2D2966FF0034048F /* Resources */,
			);
			buildRules = (
			);
			dependencies = (
				FFF8F3C32D2966FF0034048F /* PBXTargetDependency */,
			);
			fileSystemSynchronizedGroups = (
				FFF8F3C42D2966FF0034048F /* NavigationStackSwiftUIUITests */,
			);
			name = NavigationStackSwiftUIUITests;
			packageProductDependencies = (
			);
			productName = NavigationStackSwiftUIUITests;
			productReference = FFF8F3C12D2966FF0034048F /* NavigationStackSwiftUIUITests.xctest */;
			productType = "com.apple.product-type.bundle.ui-testing";
		};
/* End PBXNativeTarget section */

/* Begin PBXProject section */
		FFF8F39F2D2966FE0034048F /* Project object */ = {
			isa = PBXProject;
			attributes = {
				BuildIndependentTargetsInParallel = 1;
				LastSwiftUpdateCheck = 1620;
				LastUpgradeCheck = 1620;
				TargetAttributes = {
					FFF8F3A62D2966FE0034048F = {
						CreatedOnToolsVersion = 16.2;
					};
					FFF8F3B62D2966FF0034048F = {
						CreatedOnToolsVersion = 16.2;
						TestTargetID = FFF8F3A62D2966FE0034048F;
					};
					FFF8F3C02D2966FF0034048F = {
						CreatedOnToolsVersion = 16.2;
						TestTargetID = FFF8F3A62D2966FE0034048F;
					};
				};
			};
			buildConfigurationList = FFF8F3A22D2966FE0034048F /* Build configuration list for PBXProject "NavigationStackSwiftUI" */;
			developmentRegion = en;
			hasScannedForEncodings = 0;
			knownRegions = (
				en,
				Base,
			);
			mainGroup = FFF8F39E2D2966FE0034048F;
			minimizedProjectReferenceProxies = 1;
			preferredProjectObjectVersion = 77;
			productRefGroup = FFF8F3A82D2966FE0034048F /* Products */;
			projectDirPath = "";
			projectRoot = "";
			targets = (
				FFF8F3A62D2966FE0034048F /* NavigationStackSwiftUI */,
				FFF8F3B62D2966FF0034048F /* NavigationStackSwiftUITests */,
				FFF8F3C02D2966FF0034048F /* NavigationStackSwiftUIUITests */,
			);
		};
/* End PBXProject section */

/* Begin PBXResourcesBuildPhase section */
		FFF8F3A52D2966FE0034048F /* Resources */ = {
			isa = PBXResourcesBuildPhase;
			buildActionMask = 2147483647;
			files = (
			);
			runOnlyForDeploymentPostprocessing = 0;
		};
		FFF8F3B52D2966FF0034048F /* Resources */ = {
			isa = PBXResourcesBuildPhase;
			buildActionMask = 2147483647;
			files = (
			);
			runOnlyForDeploymentPostprocessing = 0;
		};
		FFF8F3BF2D2966FF0034048F /* Resources */ = {
			isa = PBXResourcesBuildPhase;
			buildActionMask = 2147483647;
			files = (
			);
			runOnlyForDeploymentPostprocessing = 0;
		};
/* End PBXResourcesBuildPhase section */

/* Begin PBXSourcesBuildPhase section */
		FFF8F3A32D2966FE0034048F /* Sources */ = {
			isa = PBXSourcesBuildPhase;
			buildActionMask = 2147483647;
			files = (
			);
			runOnlyForDeploymentPostprocessing = 0;
		};
		FFF8F3B32D2966FF0034048F /* Sources */ = {
			isa = PBXSourcesBuildPhase;
			buildActionMask = 2147483647;
			files = (
			);
			runOnlyForDeploymentPostprocessing = 0;
		};
		FFF8F3BD2D2966FF0034048F /* Sources */ = {
			isa = PBXSourcesBuildPhase;
			buildActionMask = 2147483647;
			files = (
			);
			runOnlyForDeploymentPostprocessing = 0;
		};
/* End PBXSourcesBuildPhase section */

/* Begin PBXTargetDependency section */
		FFF8F3B92D2966FF0034048F /* PBXTargetDependency */ = {
			isa = PBXTargetDependency;
			target = FFF8F3A62D2966FE0034048F /* NavigationStackSwiftUI */;
			targetProxy = FFF8F3B82D2966FF0034048F /* PBXContainerItemProxy */;
		};
		FFF8F3C32D2966FF0034048F /* PBXTargetDependency */ = {
			isa = PBXTargetDependency;
			target = FFF8F3A62D2966FE0034048F /* NavigationStackSwiftUI */;
			targetProxy = FFF8F3C22D2966FF0034048F /* PBXContainerItemProxy */;
		};
/* End PBXTargetDependency section */

/* Begin XCBuildConfiguration section */
		FFF8F3C92D2966FF0034048F /* Debug */ = {
			isa = XCBuildConfiguration;
			buildSettings = {
				ALWAYS_SEARCH_USER_PATHS = NO;
				ASSETCATALOG_COMPILER_GENERATE_SWIFT_ASSET_SYMBOL_EXTENSIONS = YES;
				CLANG_ANALYZER_NONNULL = YES;
				CLANG_ANALYZER_NUMBER_OBJECT_CONVERSION = YES_AGGRESSIVE;
				CLANG_CXX_LANGUAGE_STANDARD = "gnu++20";
				CLANG_ENABLE_MODULES = YES;
				CLANG_ENABLE_OBJC_ARC = YES;
				CLANG_ENABLE_OBJC_WEAK = YES;
				CLANG_WARN_BLOCK_CAPTURE_AUTORELEASING = YES;
				CLANG_WARN_BOOL_CONVERSION = YES;
				CLANG_WARN_COMMA = YES;
				CLANG_WARN_CONSTANT_CONVERSION = YES;
				CLANG_WARN_DEPRECATED_OBJC_IMPLEMENTATIONS = YES;
				CLANG_WARN_DIRECT_OBJC_ISA_USAGE = YES_ERROR;
				CLANG_WARN_DOCUMENTATION_COMMENTS = YES;
				CLANG_WARN_EMPTY_BODY = YES;
				CLANG_WARN_ENUM_CONVERSION = YES;
				CLANG_WARN_INFINITE_RECURSION = YES;
				CLANG_WARN_INT_CONVERSION = YES;
				CLANG_WARN_NON_LITERAL_NULL_CONVERSION = YES;
				CLANG_WARN_OBJC_IMPLICIT_RETAIN_SELF = YES;
				CLANG_WARN_OBJC_LITERAL_CONVERSION = YES;
				CLANG_WARN_OBJC_ROOT_CLASS = YES_ERROR;
				CLANG_WARN_QUOTED_INCLUDE_IN_FRAMEWORK_HEADER = YES;
				CLANG_WARN_RANGE_LOOP_ANALYSIS = YES;
				CLANG_WARN_STRICT_PROTOTYPES = YES;
				CLANG_WARN_SUSPICIOUS_MOVE = YES;
				CLANG_WARN_UNGUARDED_AVAILABILITY = YES_AGGRESSIVE;
				CLANG_WARN_UNREACHABLE_CODE = YES;
				CLANG_WARN__DUPLICATE_METHOD_MATCH = YES;
				COPY_PHASE_STRIP = NO;
				DEBUG_INFORMATION_FORMAT = dwarf;
				ENABLE_STRICT_OBJC_MSGSEND = YES;
				ENABLE_TESTABILITY = YES;
				ENABLE_USER_SCRIPT_SANDBOXING = YES;
				GCC_C_LANGUAGE_STANDARD = gnu17;
				GCC_DYNAMIC_NO_PIC = NO;
				GCC_NO_COMMON_BLOCKS = YES;
				GCC_OPTIMIZATION_LEVEL = 0;
				GCC_PREPROCESSOR_DEFINITIONS = (
					"DEBUG=1",
					"$(inherited)",
				);
				GCC_WARN_64_TO_32_BIT_CONVERSION = YES;
				GCC_WARN_ABOUT_RETURN_TYPE = YES_ERROR;
				GCC_WARN_UNDECLARED_SELECTOR = YES;
				GCC_WARN_UNINITIALIZED_AUTOS = YES_AGGRESSIVE;
				GCC_WARN_UNUSED_FUNCTION = YES;
				GCC_WARN_UNUSED_VARIABLE = YES;
				IPHONEOS_DEPLOYMENT_TARGET = 18.2;
				LOCALIZATION_PREFERS_STRING_CATALOGS = YES;
				MTL_ENABLE_DEBUG_INFO = INCLUDE_SOURCE;
				MTL_FAST_MATH = YES;
				ONLY_ACTIVE_ARCH = YES;
				SDKROOT = iphoneos;
				SWIFT_ACTIVE_COMPILATION_CONDITIONS = "DEBUG $(inherited)";
				SWIFT_OPTIMIZATION_LEVEL = "-Onone";
			};
			name = Debug;
		};
		FFF8F3CA2D2966FF0034048F /* Release */ = {
			isa = XCBuildConfiguration;
			buildSettings = {
				ALWAYS_SEARCH_USER_PATHS = NO;
				ASSETCATALOG_COMPILER_GENERATE_SWIFT_ASSET_SYMBOL_EXTENSIONS = YES;
				CLANG_ANALYZER_NONNULL = YES;
				CLANG_ANALYZER_NUMBER_OBJECT_CONVERSION = YES_AGGRESSIVE;
				CLANG_CXX_LANGUAGE_STANDARD = "gnu++20";
				CLANG_ENABLE_MODULES = YES;
				CLANG_ENABLE_OBJC_ARC = YES;
				CLANG_ENABLE_OBJC_WEAK = YES;
				CLANG_WARN_BLOCK_CAPTURE_AUTORELEASING = YES;
				CLANG_WARN_BOOL_CONVERSION = YES;
				CLANG_WARN_COMMA = YES;
				CLANG_WARN_CONSTANT_CONVERSION = YES;
				CLANG_WARN_DEPRECATED_OBJC_IMPLEMENTATIONS = YES;
				CLANG_WARN_DIRECT_OBJC_ISA_USAGE = YES_ERROR;
				CLANG_WARN_DOCUMENTATION_COMMENTS = YES;
				CLANG_WARN_EMPTY_BODY = YES;
				CLANG_WARN_ENUM_CONVERSION = YES;
				CLANG_WARN_INFINITE_RECURSION = YES;
				CLANG_WARN_INT_CONVERSION = YES;
				CLANG_WARN_NON_LITERAL_NULL_CONVERSION = YES;
				CLANG_WARN_OBJC_IMPLICIT_RETAIN_SELF = YES;
				CLANG_WARN_OBJC_LITERAL_CONVERSION = YES;
				CLANG_WARN_OBJC_ROOT_CLASS = YES_ERROR;
				CLANG_WARN_QUOTED_INCLUDE_IN_FRAMEWORK_HEADER = YES;
				CLANG_WARN_RANGE_LOOP_ANALYSIS = YES;
				CLANG_WARN_STRICT_PROTOTYPES = YES;
				CLANG_WARN_SUSPICIOUS_MOVE = YES;
				CLANG_WARN_UNGUARDED_AVAILABILITY = YES_AGGRESSIVE;
				CLANG_WARN_UNREACHABLE_CODE = YES;
				CLANG_WARN__DUPLICATE_METHOD_MATCH = YES;
				COPY_PHASE_STRIP = NO;
				DEBUG_INFORMATION_FORMAT = "dwarf-with-dsym";
				ENABLE_NS_ASSERTIONS = NO;
				ENABLE_STRICT_OBJC_MSGSEND = YES;
				ENABLE_USER_SCRIPT_SANDBOXING = YES;
				GCC_C_LANGUAGE_STANDARD = gnu17;
				GCC_NO_COMMON_BLOCKS = YES;
				GCC_WARN_64_TO_32_BIT_CONVERSION = YES;
				GCC_WARN_ABOUT_RETURN_TYPE = YES_ERROR;
				GCC_WARN_UNDECLARED_SELECTOR = YES;
				GCC_WARN_UNINITIALIZED_AUTOS = YES_AGGRESSIVE;
				GCC_WARN_UNUSED_FUNCTION = YES;
				GCC_WARN_UNUSED_VARIABLE = YES;
				IPHONEOS_DEPLOYMENT_TARGET = 18.2;
				LOCALIZATION_PREFERS_STRING_CATALOGS = YES;
				MTL_ENABLE_DEBUG_INFO = NO;
				MTL_FAST_MATH = YES;
				SDKROOT = iphoneos;
				SWIFT_COMPILATION_MODE = wholemodule;
				VALIDATE_PRODUCT = YES;
			};
			name = Release;
		};
		FFF8F3CC2D2966FF0034048F /* Debug */ = {
			isa = XCBuildConfiguration;
			buildSettings = {
				ASSETCATALOG_COMPILER_APPICON_NAME = AppIcon;
				ASSETCATALOG_COMPILER_GLOBAL_ACCENT_COLOR_NAME = AccentColor;
				CODE_SIGN_STYLE = Automatic;
				CURRENT_PROJECT_VERSION = 1;
				DEVELOPMENT_ASSET_PATHS = "\"NavigationStackSwiftUI/Preview Content\"";
				ENABLE_PREVIEWS = YES;
				GENERATE_INFOPLIST_FILE = YES;
				INFOPLIST_KEY_UIApplicationSceneManifest_Generation = YES;
				INFOPLIST_KEY_UIApplicationSupportsIndirectInputEvents = YES;
				INFOPLIST_KEY_UILaunchScreen_Generation = YES;
				INFOPLIST_KEY_UISupportedInterfaceOrientations_iPad = "UIInterfaceOrientationPortrait UIInterfaceOrientationPortraitUpsideDown UIInterfaceOrientationLandscapeLeft UIInterfaceOrientationLandscapeRight";
				INFOPLIST_KEY_UISupportedInterfaceOrientations_iPhone = "UIInterfaceOrientationPortrait UIInterfaceOrientationLandscapeLeft UIInterfaceOrientationLandscapeRight";
				LD_RUNPATH_SEARCH_PATHS = (
					"$(inherited)",
					"@executable_path/Frameworks",
				);
				MARKETING_VERSION = 1.0;
				PRODUCT_BUNDLE_IDENTIFIER = com.omerapaydin.NavigationStackSwiftUI;
				PRODUCT_NAME = "$(TARGET_NAME)";
				SWIFT_EMIT_LOC_STRINGS = YES;
				SWIFT_VERSION = 5.0;
				TARGETED_DEVICE_FAMILY = "1,2";
			};
			name = Debug;
		};
		FFF8F3CD2D2966FF0034048F /* Release */ = {
			isa = XCBuildConfiguration;
			buildSettings = {
				ASSETCATALOG_COMPILER_APPICON_NAME = AppIcon;
				ASSETCATALOG_COMPILER_GLOBAL_ACCENT_COLOR_NAME = AccentColor;
				CODE_SIGN_STYLE = Automatic;
				CURRENT_PROJECT_VERSION = 1;
				DEVELOPMENT_ASSET_PATHS = "\"NavigationStackSwiftUI/Preview Content\"";
				ENABLE_PREVIEWS = YES;
				GENERATE_INFOPLIST_FILE = YES;
				INFOPLIST_KEY_UIApplicationSceneManifest_Generation = YES;
				INFOPLIST_KEY_UIApplicationSupportsIndirectInputEvents = YES;
				INFOPLIST_KEY_UILaunchScreen_Generation = YES;
				INFOPLIST_KEY_UISupportedInterfaceOrientations_iPad = "UIInterfaceOrientationPortrait UIInterfaceOrientationPortraitUpsideDown UIInterfaceOrientationLandscapeLeft UIInterfaceOrientationLandscapeRight";
				INFOPLIST_KEY_UISupportedInterfaceOrientations_iPhone = "UIInterfaceOrientationPortrait UIInterfaceOrientationLandscapeLeft UIInterfaceOrientationLandscapeRight";
				LD_RUNPATH_SEARCH_PATHS = (
					"$(inherited)",
					"@executable_path/Frameworks",
				);
				MARKETING_VERSION = 1.0;
				PRODUCT_BUNDLE_IDENTIFIER = com.omerapaydin.NavigationStackSwiftUI;
				PRODUCT_NAME = "$(TARGET_NAME)";
				SWIFT_EMIT_LOC_STRINGS = YES;
				SWIFT_VERSION = 5.0;
				TARGETED_DEVICE_FAMILY = "1,2";
			};
			name = Release;
		};
		FFF8F3CF2D2966FF0034048F /* Debug */ = {
			isa = XCBuildConfiguration;
			buildSettings = {
				BUNDLE_LOADER = "$(TEST_HOST)";
				CODE_SIGN_STYLE = Automatic;
				CURRENT_PROJECT_VERSION = 1;
				GENERATE_INFOPLIST_FILE = YES;
				IPHONEOS_DEPLOYMENT_TARGET = 18.2;
				MARKETING_VERSION = 1.0;
				PRODUCT_BUNDLE_IDENTIFIER = com.omerapaydin.NavigationStackSwiftUITests;
				PRODUCT_NAME = "$(TARGET_NAME)";
				SWIFT_EMIT_LOC_STRINGS = NO;
				SWIFT_VERSION = 5.0;
				TARGETED_DEVICE_FAMILY = "1,2";
				TEST_HOST = "$(BUILT_PRODUCTS_DIR)/NavigationStackSwiftUI.app/$(BUNDLE_EXECUTABLE_FOLDER_PATH)/NavigationStackSwiftUI";
			};
			name = Debug;
		};
		FFF8F3D02D2966FF0034048F /* Release */ = {
			isa = XCBuildConfiguration;
			buildSettings = {
				BUNDLE_LOADER = "$(TEST_HOST)";
				CODE_SIGN_STYLE = Automatic;
				CURRENT_PROJECT_VERSION = 1;
				GENERATE_INFOPLIST_FILE = YES;
				IPHONEOS_DEPLOYMENT_TARGET = 18.2;
				MARKETING_VERSION = 1.0;
				PRODUCT_BUNDLE_IDENTIFIER = com.omerapaydin.NavigationStackSwiftUITests;
				PRODUCT_NAME = "$(TARGET_NAME)";
				SWIFT_EMIT_LOC_STRINGS = NO;
				SWIFT_VERSION = 5.0;
				TARGETED_DEVICE_FAMILY = "1,2";
				TEST_HOST = "$(BUILT_PRODUCTS_DIR)/NavigationStackSwiftUI.app/$(BUNDLE_EXECUTABLE_FOLDER_PATH)/NavigationStackSwiftUI";
			};
			name = Release;
		};
		FFF8F3D22D2966FF0034048F /* Debug */ = {
			isa = XCBuildConfiguration;
			buildSettings = {
				CODE_SIGN_STYLE = Automatic;
				CURRENT_PROJECT_VERSION = 1;
				GENERATE_INFOPLIST_FILE = YES;
				MARKETING_VERSION = 1.0;
				PRODUCT_BUNDLE_IDENTIFIER = com.omerapaydin.NavigationStackSwiftUIUITests;
				PRODUCT_NAME = "$(TARGET_NAME)";
				SWIFT_EMIT_LOC_STRINGS = NO;
				SWIFT_VERSION = 5.0;
				TARGETED_DEVICE_FAMILY = "1,2";
				TEST_TARGET_NAME = NavigationStackSwiftUI;
			};
			name = Debug;
		};
		FFF8F3D32D2966FF0034048F /* Release */ = {
			isa = XCBuildConfiguration;
			buildSettings = {
				CODE_SIGN_STYLE = Automatic;
				CURRENT_PROJECT_VERSION = 1;
				GENERATE_INFOPLIST_FILE = YES;
				MARKETING_VERSION = 1.0;
				PRODUCT_BUNDLE_IDENTIFIER = com.omerapaydin.NavigationStackSwiftUIUITests;
				PRODUCT_NAME = "$(TARGET_NAME)";
				SWIFT_EMIT_LOC_STRINGS = NO;
				SWIFT_VERSION = 5.0;
				TARGETED_DEVICE_FAMILY = "1,2";
				TEST_TARGET_NAME = NavigationStackSwiftUI;
			};
			name = Release;
		};
/* End XCBuildConfiguration section */

/* Begin XCConfigurationList section */
		FFF8F3A22D2966FE0034048F /* Build configuration list for PBXProject "NavigationStackSwiftUI" */ = {
			isa = XCConfigurationList;
			buildConfigurations = (
				FFF8F3C92D2966FF0034048F /* Debug */,
				FFF8F3CA2D2966FF0034048F /* Release */,
			);
			defaultConfigurationIsVisible = 0;
			defaultConfigurationName = Release;
		};
		FFF8F3CB2D2966FF0034048F /* Build configuration list for PBXNativeTarget "NavigationStackSwiftUI" */ = {
			isa = XCConfigurationList;
			buildConfigurations = (
				FFF8F3CC2D2966FF0034048F /* Debug */,
				FFF8F3CD2D2966FF0034048F /* Release */,
			);
			defaultConfigurationIsVisible = 0;
			defaultConfigurationName = Release;
		};
		FFF8F3CE2D2966FF0034048F /* Build configuration list for PBXNativeTarget "NavigationStackSwiftUITests" */ = {
			isa = XCConfigurationList;
			buildConfigurations = (
				FFF8F3CF2D2966FF0034048F /* Debug */,
				FFF8F3D02D2966FF0034048F /* Release */,
			);
			defaultConfigurationIsVisible = 0;
			defaultConfigurationName = Release;
		};
		FFF8F3D12D2966FF0034048F /* Build configuration list for PBXNativeTarget "NavigationStackSwiftUIUITests" */ = {
			isa = XCConfigurationList;
			buildConfigurations = (
				FFF8F3D22D2966FF0034048F /* Debug */,
				FFF8F3D32D2966FF0034048F /* Release */,
			);
			defaultConfigurationIsVisible = 0;
			defaultConfigurationName = Release;
		};
/* End XCConfigurationList section */
	};
	rootObject = FFF8F39F2D2966FE0034048F /* Project object */;
}
